
Microsoft Visual Studio Solution File, Format Version 12.00
# Visual Studio Version 16
VisualStudioVersion = 16.0.30717.126
MinimumVisualStudioVersion = 10.0.40219.1
Project("{FAE04EC0-301F-11D3-BF4B-00C04F79EFBC}") = "Christ3D.UI.Web", "Christ3D.UI.Web\Christ3D.UI.Web.csproj", "{E170B900-FF2B-448E-A845-0D60AC9A5FE9}"
EndProject
Project("{FAE04EC0-301F-11D3-BF4B-00C04F79EFBC}") = "Christ3D.Domain", "Christ3D.Domain\Christ3D.Domain.csproj", "{090D5C3F-2B65-4BC6-8DEC-39DB044D263E}"
EndProject
Project("{FAE04EC0-301F-11D3-BF4B-00C04F79EFBC}") = "Christ3D.Infrastruct.Data", "Christ3D.Infrastruct.Data\Christ3D.Infrastruct.Data.csproj", "{1A14B260-0AEF-414F-BBDF-683F090B7242}"
EndProject
Project("{FAE04EC0-301F-11D3-BF4B-00C04F79EFBC}") = "Christ3D.Application", "Christ3D.Application\Christ3D.Application.csproj", "{905637BF-C6C9-4BF7-95E6-5A99225BA67A}"
EndProject
Global
	GlobalSection(SolutionConfigurationPlatforms) = preSolution
		Debug|Any CPU = Debug|Any CPU
		Release|Any CPU = Release|Any CPU
	EndGlobalSection
	GlobalSection(ProjectConfigurationPlatforms) = postSolution
		{E170B900-FF2B-448E-A845-0D60AC9A5FE9}.Debug|Any CPU.ActiveCfg = Debug|Any CPU
		{E170B900-FF2B-448E-A845-0D60AC9A5FE9}.Debug|Any CPU.Build.0 = Debug|Any CPU
		{E170B900-FF2B-448E-A845-0D60AC9A5FE9}.Release|Any CPU.ActiveCfg = Release|Any CPU
		{E170B900-FF2B-448E-A845-0D60AC9A5FE9}.Release|Any CPU.Build.0 = Release|Any CPU
		{090D5C3F-2B65-4BC6-8DEC-39DB044D263E}.Debug|Any CPU.ActiveCfg = Debug|Any CPU
		{090D5C3F-2B65-4BC6-8DEC-39DB044D263E}.Debug|Any CPU.Build.0 = Debug|Any CPU
		{090D5C3F-2B65-4BC6-8DEC-39DB044D263E}.Release|Any CPU.ActiveCfg = Release|Any CPU
		{090D5C3F-2B65-4BC6-8DEC-39DB044D263E}.Release|Any CPU.Build.0 = Release|Any CPU
		{1A14B260-0AEF-414F-BBDF-683F090B7242}.Debug|Any CPU.ActiveCfg = Debug|Any CPU
		{1A14B260-0AEF-414F-BBDF-683F090B7242}.Debug|Any CPU.Build.0 = Debug|Any CPU
		{1A14B260-0AEF-414F-BBDF-683F090B7242}.Release|Any CPU.ActiveCfg = Release|Any CPU
		{1A14B260-0AEF-414F-BBDF-683F090B7242}.Release|Any CPU.Build.0 = Release|Any CPU
		{905637BF-C6C9-4BF7-95E6-5A99225BA67A}.Debug|Any CPU.ActiveCfg = Debug|Any CPU
		{905637BF-C6C9-4BF7-95E6-5A99225BA67A}.Debug|Any CPU.Build.0 = Debug|Any CPU
		{905637BF-C6C9-4BF7-95E6-5A99225BA67A}.Release|Any CPU.ActiveCfg = Release|Any CPU
		{905637BF-C6C9-4BF7-95E6-5A99225BA67A}.Release|Any CPU.Build.0 = Release|Any CPU
	EndGlobalSection
	GlobalSection(SolutionProperties) = preSolution
		HideSolutionNode = FALSE
	EndGlobalSection
	GlobalSection(ExtensibilityGlobals) = postSolution
		SolutionGuid = {94017C9B-4FA2-4AC0-BF87-8B59F31F5787}
	EndGlobalSection
EndGlobal
